
Microsoft Visual Studio Solution File, Format Version 12.00
# Visual Studio 2012
Project("{FAE04EC0-301F-11D3-BF4B-00C04F79EFBC}") = "leas-software", "leas-software\leas-software.csproj", "{904D10DB-C6E7-4307-8155-22A6D8190026}"
EndProject
Global
	GlobalSection(SolutionConfigurationPlatforms) = preSolution
		Debug|Any CPU = Debug|Any CPU
		Release|Any CPU = Release|Any CPU
	EndGlobalSection
	GlobalSection(ProjectConfigurationPlatforms) = postSolution
		{904D10DB-C6E7-4307-8155-22A6D8190026}.Debug|Any CPU.ActiveCfg = Debug|Any CPU
		{904D10DB-C6E7-4307-8155-22A6D8190026}.Debug|Any CPU.Build.0 = Debug|Any CPU
		{904D10DB-C6E7-4307-8155-22A6D8190026}.Release|Any CPU.ActiveCfg = Release|Any CPU
		{904D10DB-C6E7-4307-8155-22A6D8190026}.Release|Any CPU.Build.0 = Release|Any CPU
	EndGlobalSection
	GlobalSection(SolutionProperties) = preSolution
		HideSolutionNode = FALSE
	EndGlobalSection
EndGlobal
